
Microsoft Visual Studio Solution File, Format Version 12.00
# Visual Studio Version 17
VisualStudioVersion = 17.5.002.0
MinimumVisualStudioVersion = 10.0.40219.1
Project("{9A19103F-16F7-4668-BE54-9A1E7A4F7556}") = "BlazorApp1", "BlazorApp1.csproj", "{07DCC3B0-A5BF-4EE6-B4CC-36353B0EEC1B}"
EndProject
Project("{FAE04EC0-301F-11D3-BF4B-00C04F79EFBC}") = "idkanymore", "..\..\idkanymore\idkanymore.csproj", "{F734EEE0-F08C-47A1-9673-43EFE00753C3}"
EndProject
Global
	GlobalSection(SolutionConfigurationPlatforms) = preSolution
		Debug|Any CPU = Debug|Any CPU
		Release|Any CPU = Release|Any CPU
	EndGlobalSection
	GlobalSection(ProjectConfigurationPlatforms) = postSolution
		{07DCC3B0-A5BF-4EE6-B4CC-36353B0EEC1B}.Debug|Any CPU.ActiveCfg = Debug|Any CPU
		{07DCC3B0-A5BF-4EE6-B4CC-36353B0EEC1B}.Debug|Any CPU.Build.0 = Debug|Any CPU
		{07DCC3B0-A5BF-4EE6-B4CC-36353B0EEC1B}.Release|Any CPU.ActiveCfg = Release|Any CPU
		{07DCC3B0-A5BF-4EE6-B4CC-36353B0EEC1B}.Release|Any CPU.Build.0 = Release|Any CPU
		{F734EEE0-F08C-47A1-9673-43EFE00753C3}.Debug|Any CPU.ActiveCfg = Debug|Any CPU
		{F734EEE0-F08C-47A1-9673-43EFE00753C3}.Debug|Any CPU.Build.0 = Debug|Any CPU
		{F734EEE0-F08C-47A1-9673-43EFE00753C3}.Release|Any CPU.ActiveCfg = Release|Any CPU
		{F734EEE0-F08C-47A1-9673-43EFE00753C3}.Release|Any CPU.Build.0 = Release|Any CPU
	EndGlobalSection
	GlobalSection(SolutionProperties) = preSolution
		HideSolutionNode = FALSE
	EndGlobalSection
	GlobalSection(ExtensibilityGlobals) = postSolution
		SolutionGuid = {B1D441A4-1F10-4AC5-BF8D-F6BE910DC07C}
	EndGlobalSection
EndGlobal
